// !$*UTF8*$!
{
	archiveVersion = 1;
	classes = {
	};
	objectVersion = 50;
	objects = {

/* Begin PBXBuildFile section */
		70571E0F269CA9AE00CE1842 /* AppDelegate.m in Sources */ = {isa = PBXBuildFile; fileRef = 70571E0E269CA9AE00CE1842 /* AppDelegate.m */; };
		70571E12269CA9AE00CE1842 /* SceneDelegate.m in Sources */ = {isa = PBXBuildFile; fileRef = 70571E11269CA9AE00CE1842 /* SceneDelegate.m */; };
		70571E15269CA9AE00CE1842 /* ViewController.m in Sources */ = {isa = PBXBuildFile; fileRef = 70571E14269CA9AE00CE1842 /* ViewController.m */; };
		70571E18269CA9AE00CE1842 /* Main.storyboard in Resources */ = {isa = PBXBuildFile; fileRef = 70571E16269CA9AE00CE1842 /* Main.storyboard */; };
		70571E1A269CA9AF00CE1842 /* Assets.xcassets in Resources */ = {isa = PBXBuildFile; fileRef = 70571E19269CA9AF00CE1842 /* Assets.xcassets */; };
		70571E1D269CA9AF00CE1842 /* LaunchScreen.storyboard in Resources */ = {isa = PBXBuildFile; fileRef = 70571E1B269CA9AF00CE1842 /* LaunchScreen.storyboard */; };
		70571E20269CA9AF00CE1842 /* main.m in Sources */ = {isa = PBXBuildFile; fileRef = 70571E1F269CA9AF00CE1842 /* main.m */; };
		70571E2A269CA9AF00CE1842 /* LocshareTests.m in Sources */ = {isa = PBXBuildFile; fileRef = 70571E29269CA9AF00CE1842 /* LocshareTests.m */; };
		70571E35269CA9AF00CE1842 /* LocshareUITests.m in Sources */ = {isa = PBXBuildFile; fileRef = 70571E34269CA9AF00CE1842 /* LocshareUITests.m */; };
/* End PBXBuildFile section */

/* Begin PBXContainerItemProxy section */
		70571E26269CA9AF00CE1842 /* PBXContainerItemProxy */ = {
			isa = PBXContainerItemProxy;
			containerPortal = 70571E02269CA9AE00CE1842 /* Project object */;
			proxyType = 1;
			remoteGlobalIDString = 70571E09269CA9AE00CE1842;
			remoteInfo = Locshare;
		};
		70571E31269CA9AF00CE1842 /* PBXContainerItemProxy */ = {
			isa = PBXContainerItemProxy;
			containerPortal = 70571E02269CA9AE00CE1842 /* Project object */;
			proxyType = 1;
			remoteGlobalIDString = 70571E09269CA9AE00CE1842;
			remoteInfo = Locshare;
		};
/* End PBXContainerItemProxy section */

/* Begin PBXFileReference section */
		70571E0A269CA9AE00CE1842 /* Locshare.app */ = {isa = PBXFileReference; explicitFileType = wrapper.application; includeInIndex = 0; path = Locshare.app; sourceTree = BUILT_PRODUCTS_DIR; };
		70571E0D269CA9AE00CE1842 /* AppDelegate.h */ = {isa = PBXFileReference; lastKnownFileType = sourcecode.c.h; path = AppDelegate.h; sourceTree = "<group>"; };
		70571E0E269CA9AE00CE1842 /* AppDelegate.m */ = {isa = PBXFileReference; lastKnownFileType = sourcecode.c.objc; path = AppDelegate.m; sourceTree = "<group>"; };
		70571E10269CA9AE00CE1842 /* SceneDelegate.h */ = {isa = PBXFileReference; lastKnownFileType = sourcecode.c.h; path = SceneDelegate.h; sourceTree = "<group>"; };
		70571E11269CA9AE00CE1842 /* SceneDelegate.m */ = {isa = PBXFileReference; lastKnownFileType = sourcecode.c.objc; path = SceneDelegate.m; sourceTree = "<group>"; };
		70571E13269CA9AE00CE1842 /* ViewController.h */ = {isa = PBXFileReference; lastKnownFileType = sourcecode.c.h; path = ViewController.h; sourceTree = "<group>"; };
		70571E14269CA9AE00CE1842 /* ViewController.m */ = {isa = PBXFileReference; lastKnownFileType = sourcecode.c.objc; path = ViewController.m; sourceTree = "<group>"; };
		70571E17269CA9AE00CE1842 /* Base */ = {isa = PBXFileReference; lastKnownFileType = file.storyboard; name = Base; path = Base.lproj/Main.storyboard; sourceTree = "<group>"; };
		70571E19269CA9AF00CE1842 /* Assets.xcassets */ = {isa = PBXFileReference; lastKnownFileType = folder.assetcatalog; path = Assets.xcassets; sourceTree = "<group>"; };
		70571E1C269CA9AF00CE1842 /* Base */ = {isa = PBXFileReference; lastKnownFileType = file.storyboard; name = Base; path = Base.lproj/LaunchScreen.storyboard; sourceTree = "<group>"; };
		70571E1E269CA9AF00CE1842 /* Info.plist */ = {isa = PBXFileReference; lastKnownFileType = text.plist.xml; path = Info.plist; sourceTree = "<group>"; };
		70571E1F269CA9AF00CE1842 /* main.m */ = {isa = PBXFileReference; lastKnownFileType = sourcecode.c.objc; path = main.m; sourceTree = "<group>"; };
		70571E25269CA9AF00CE1842 /* LocshareTests.xctest */ = {isa = PBXFileReference; explicitFileType = wrapper.cfbundle; includeInIndex = 0; path = LocshareTests.xctest; sourceTree = BUILT_PRODUCTS_DIR; };
		70571E29269CA9AF00CE1842 /* LocshareTests.m */ = {isa = PBXFileReference; lastKnownFileType = sourcecode.c.objc; path = LocshareTests.m; sourceTree = "<group>"; };
		70571E2B269CA9AF00CE1842 /* Info.plist */ = {isa = PBXFileReference; lastKnownFileType = text.plist.xml; path = Info.plist; sourceTree = "<group>"; };
		70571E30269CA9AF00CE1842 /* LocshareUITests.xctest */ = {isa = PBXFileReference; explicitFileType = wrapper.cfbundle; includeInIndex = 0; path = LocshareUITests.xctest; sourceTree = BUILT_PRODUCTS_DIR; };
		70571E34269CA9AF00CE1842 /* LocshareUITests.m */ = {isa = PBXFileReference; lastKnownFileType = sourcecode.c.objc; path = LocshareUITests.m; sourceTree = "<group>"; };
		70571E36269CA9AF00CE1842 /* Info.plist */ = {isa = PBXFileReference; lastKnownFileType = text.plist.xml; path = Info.plist; sourceTree = "<group>"; };
/* End PBXFileReference section */

/* Begin PBXFrameworksBuildPhase section */
		70571E07269CA9AE00CE1842 /* Frameworks */ = {
			isa = PBXFrameworksBuildPhase;
			buildActionMask = 2147483647;
			files = (
			);
			runOnlyForDeploymentPostprocessing = 0;
		};
		70571E22269CA9AF00CE1842 /* Frameworks */ = {
			isa = PBXFrameworksBuildPhase;
			buildActionMask = 2147483647;
			files = (
			);
			runOnlyForDeploymentPostprocessing = 0;
		};
		70571E2D269CA9AF00CE1842 /* Frameworks */ = {
			isa = PBXFrameworksBuildPhase;
			buildActionMask = 2147483647;
			files = (
			);
			runOnlyForDeploymentPostprocessing = 0;
		};
/* End PBXFrameworksBuildPhase section */

/* Begin PBXGroup section */
		70571E01269CA9AE00CE1842 = {
			isa = PBXGroup;
			children = (
				70571E0C269CA9AE00CE1842 /* Locshare */,
				70571E28269CA9AF00CE1842 /* LocshareTests */,
				70571E33269CA9AF00CE1842 /* LocshareUITests */,
				70571E0B269CA9AE00CE1842 /* Products */,
			);
			sourceTree = "<group>";
		};
		70571E0B269CA9AE00CE1842 /* Products */ = {
			isa = PBXGroup;
			children = (
				70571E0A269CA9AE00CE1842 /* Locshare.app */,
				70571E25269CA9AF00CE1842 /* LocshareTests.xctest */,
				70571E30269CA9AF00CE1842 /* LocshareUITests.xctest */,
			);
			name = Products;
			sourceTree = "<group>";
		};
		70571E0C269CA9AE00CE1842 /* Locshare */ = {
			isa = PBXGroup;
			children = (
				70571E0D269CA9AE00CE1842 /* AppDelegate.h */,
				70571E0E269CA9AE00CE1842 /* AppDelegate.m */,
				70571E10269CA9AE00CE1842 /* SceneDelegate.h */,
				70571E11269CA9AE00CE1842 /* SceneDelegate.m */,
				70571E13269CA9AE00CE1842 /* ViewController.h */,
				70571E14269CA9AE00CE1842 /* ViewController.m */,
				70571E16269CA9AE00CE1842 /* Main.storyboard */,
				70571E19269CA9AF00CE1842 /* Assets.xcassets */,
				70571E1B269CA9AF00CE1842 /* LaunchScreen.storyboard */,
				70571E1E269CA9AF00CE1842 /* Info.plist */,
				70571E1F269CA9AF00CE1842 /* main.m */,
			);
			path = Locshare;
			sourceTree = "<group>";
		};
		70571E28269CA9AF00CE1842 /* LocshareTests */ = {
			isa = PBXGroup;
			children = (
				70571E29269CA9AF00CE1842 /* LocshareTests.m */,
				70571E2B269CA9AF00CE1842 /* Info.plist */,
			);
			path = LocshareTests;
			sourceTree = "<group>";
		};
		70571E33269CA9AF00CE1842 /* LocshareUITests */ = {
			isa = PBXGroup;
			children = (
				70571E34269CA9AF00CE1842 /* LocshareUITests.m */,
				70571E36269CA9AF00CE1842 /* Info.plist */,
			);
			path = LocshareUITests;
			sourceTree = "<group>";
		};
/* End PBXGroup section */

/* Begin PBXNativeTarget section */
		70571E09269CA9AE00CE1842 /* Locshare */ = {
			isa = PBXNativeTarget;
			buildConfigurationList = 70571E39269CA9AF00CE1842 /* Build configuration list for PBXNativeTarget "Locshare" */;
			buildPhases = (
				70571E06269CA9AE00CE1842 /* Sources */,
				70571E07269CA9AE00CE1842 /* Frameworks */,
				70571E08269CA9AE00CE1842 /* Resources */,
			);
			buildRules = (
			);
			dependencies = (
			);
			name = Locshare;
			productName = Locshare;
			productReference = 70571E0A269CA9AE00CE1842 /* Locshare.app */;
			productType = "com.apple.product-type.application";
		};
		70571E24269CA9AF00CE1842 /* LocshareTests */ = {
			isa = PBXNativeTarget;
			buildConfigurationList = 70571E3C269CA9AF00CE1842 /* Build configuration list for PBXNativeTarget "LocshareTests" */;
			buildPhases = (
				70571E21269CA9AF00CE1842 /* Sources */,
				70571E22269CA9AF00CE1842 /* Frameworks */,
				70571E23269CA9AF00CE1842 /* Resources */,
			);
			buildRules = (
			);
			dependencies = (
				70571E27269CA9AF00CE1842 /* PBXTargetDependency */,
			);
			name = LocshareTests;
			productName = LocshareTests;
			productReference = 70571E25269CA9AF00CE1842 /* LocshareTests.xctest */;
			productType = "com.apple.product-type.bundle.unit-test";
		};
		70571E2F269CA9AF00CE1842 /* LocshareUITests */ = {
			isa = PBXNativeTarget;
			buildConfigurationList = 70571E3F269CA9AF00CE1842 /* Build configuration list for PBXNativeTarget "LocshareUITests" */;
			buildPhases = (
				70571E2C269CA9AF00CE1842 /* Sources */,
				70571E2D269CA9AF00CE1842 /* Frameworks */,
				70571E2E269CA9AF00CE1842 /* Resources */,
			);
			buildRules = (
			);
			dependencies = (
				70571E32269CA9AF00CE1842 /* PBXTargetDependency */,
			);
			name = LocshareUITests;
			productName = LocshareUITests;
			productReference = 70571E30269CA9AF00CE1842 /* LocshareUITests.xctest */;
			productType = "com.apple.product-type.bundle.ui-testing";
		};
/* End PBXNativeTarget section */

/* Begin PBXProject section */
		70571E02269CA9AE00CE1842 /* Project object */ = {
			isa = PBXProject;
			attributes = {
				LastUpgradeCheck = 1250;
				TargetAttributes = {
					70571E09269CA9AE00CE1842 = {
						CreatedOnToolsVersion = 12.5.1;
					};
					70571E24269CA9AF00CE1842 = {
						CreatedOnToolsVersion = 12.5.1;
						TestTargetID = 70571E09269CA9AE00CE1842;
					};
					70571E2F269CA9AF00CE1842 = {
						CreatedOnToolsVersion = 12.5.1;
						TestTargetID = 70571E09269CA9AE00CE1842;
					};
				};
			};
			buildConfigurationList = 70571E05269CA9AE00CE1842 /* Build configuration list for PBXProject "Locshare" */;
			compatibilityVersion = "Xcode 9.3";
			developmentRegion = en;
			hasScannedForEncodings = 0;
			knownRegions = (
				en,
				Base,
			);
			mainGroup = 70571E01269CA9AE00CE1842;
			productRefGroup = 70571E0B269CA9AE00CE1842 /* Products */;
			projectDirPath = "";
			projectRoot = "";
			targets = (
				70571E09269CA9AE00CE1842 /* Locshare */,
				70571E24269CA9AF00CE1842 /* LocshareTests */,
				70571E2F269CA9AF00CE1842 /* LocshareUITests */,
			);
		};
/* End PBXProject section */

/* Begin PBXResourcesBuildPhase section */
		70571E08269CA9AE00CE1842 /* Resources */ = {
			isa = PBXResourcesBuildPhase;
			buildActionMask = 2147483647;
			files = (
				70571E1D269CA9AF00CE1842 /* LaunchScreen.storyboard in Resources */,
				70571E1A269CA9AF00CE1842 /* Assets.xcassets in Resources */,
				70571E18269CA9AE00CE1842 /* Main.storyboard in Resources */,
			);
			runOnlyForDeploymentPostprocessing = 0;
		};
		70571E23269CA9AF00CE1842 /* Resources */ = {
			isa = PBXResourcesBuildPhase;
			buildActionMask = 2147483647;
			files = (
			);
			runOnlyForDeploymentPostprocessing = 0;
		};
		70571E2E269CA9AF00CE1842 /* Resources */ = {
			isa = PBXResourcesBuildPhase;
			buildActionMask = 2147483647;
			files = (
			);
			runOnlyForDeploymentPostprocessing = 0;
		};
/* End PBXResourcesBuildPhase section */

/* Begin PBXSourcesBuildPhase section */
		70571E06269CA9AE00CE1842 /* Sources */ = {
			isa = PBXSourcesBuildPhase;
			buildActionMask = 2147483647;
			files = (
				70571E15269CA9AE00CE1842 /* ViewController.m in Sources */,
				70571E0F269CA9AE00CE1842 /* AppDelegate.m in Sources */,
				70571E20269CA9AF00CE1842 /* main.m in Sources */,
				70571E12269CA9AE00CE1842 /* SceneDelegate.m in Sources */,
			);
			runOnlyForDeploymentPostprocessing = 0;
		};
		70571E21269CA9AF00CE1842 /* Sources */ = {
			isa = PBXSourcesBuildPhase;
			buildActionMask = 2147483647;
			files = (
				70571E2A269CA9AF00CE1842 /* LocshareTests.m in Sources */,
			);
			runOnlyForDeploymentPostprocessing = 0;
		};
		70571E2C269CA9AF00CE1842 /* Sources */ = {
			isa = PBXSourcesBuildPhase;
			buildActionMask = 2147483647;
			files = (
				70571E35269CA9AF00CE1842 /* LocshareUITests.m in Sources */,
			);
			runOnlyForDeploymentPostprocessing = 0;
		};
/* End PBXSourcesBuildPhase section */

/* Begin PBXTargetDependency section */
		70571E27269CA9AF00CE1842 /* PBXTargetDependency */ = {
			isa = PBXTargetDependency;
			target = 70571E09269CA9AE00CE1842 /* Locshare */;
			targetProxy = 70571E26269CA9AF00CE1842 /* PBXContainerItemProxy */;
		};
		70571E32269CA9AF00CE1842 /* PBXTargetDependency */ = {
			isa = PBXTargetDependency;
			target = 70571E09269CA9AE00CE1842 /* Locshare */;
			targetProxy = 70571E31269CA9AF00CE1842 /* PBXContainerItemProxy */;
		};
/* End PBXTargetDependency section */

/* Begin PBXVariantGroup section */
		70571E16269CA9AE00CE1842 /* Main.storyboard */ = {
			isa = PBXVariantGroup;
			children = (
				70571E17269CA9AE00CE1842 /* Base */,
			);
			name = Main.storyboard;
			sourceTree = "<group>";
		};
		70571E1B269CA9AF00CE1842 /* LaunchScreen.storyboard */ = {
			isa = PBXVariantGroup;
			children = (
				70571E1C269CA9AF00CE1842 /* Base */,
			);
			name = LaunchScreen.storyboard;
			sourceTree = "<group>";
		};
/* End PBXVariantGroup section */

/* Begin XCBuildConfiguration section */
		70571E37269CA9AF00CE1842 /* Debug */ = {
			isa = XCBuildConfiguration;
			buildSettings = {
				ALWAYS_SEARCH_USER_PATHS = NO;
				CLANG_ANALYZER_NONNULL = YES;
				CLANG_ANALYZER_NUMBER_OBJECT_CONVERSION = YES_AGGRESSIVE;
				CLANG_CXX_LANGUAGE_STANDARD = "gnu++14";
				CLANG_CXX_LIBRARY = "libc++";
				CLANG_ENABLE_MODULES = YES;
				CLANG_ENABLE_OBJC_ARC = YES;
				CLANG_ENABLE_OBJC_WEAK = YES;
				CLANG_WARN_BLOCK_CAPTURE_AUTORELEASING = YES;
				CLANG_WARN_BOOL_CONVERSION = YES;
				CLANG_WARN_COMMA = YES;
				CLANG_WARN_CONSTANT_CONVERSION = YES;
				CLANG_WARN_DEPRECATED_OBJC_IMPLEMENTATIONS = YES;
				CLANG_WARN_DIRECT_OBJC_ISA_USAGE = YES_ERROR;
				CLANG_WARN_DOCUMENTATION_COMMENTS = YES;
				CLANG_WARN_EMPTY_BODY = YES;
				CLANG_WARN_ENUM_CONVERSION = YES;
				CLANG_WARN_INFINITE_RECURSION = YES;
				CLANG_WARN_INT_CONVERSION = YES;
				CLANG_WARN_NON_LITERAL_NULL_CONVERSION = YES;
				CLANG_WARN_OBJC_IMPLICIT_RETAIN_SELF = YES;
				CLANG_WARN_OBJC_LITERAL_CONVERSION = YES;
				CLANG_WARN_OBJC_ROOT_CLASS = YES_ERROR;
				CLANG_WARN_QUOTED_INCLUDE_IN_FRAMEWORK_HEADER = YES;
				CLANG_WARN_RANGE_LOOP_ANALYSIS = YES;
				CLANG_WARN_STRICT_PROTOTYPES = YES;
				CLANG_WARN_SUSPICIOUS_MOVE = YES;
				CLANG_WARN_UNGUARDED_AVAILABILITY = YES_AGGRESSIVE;
				CLANG_WARN_UNREACHABLE_CODE = YES;
				CLANG_WARN__DUPLICATE_METHOD_MATCH = YES;
				COPY_PHASE_STRIP = NO;
				DEBUG_INFORMATION_FORMAT = dwarf;
				ENABLE_STRICT_OBJC_MSGSEND = YES;
				ENABLE_TESTABILITY = YES;
				GCC_C_LANGUAGE_STANDARD = gnu11;
				GCC_DYNAMIC_NO_PIC = NO;
				GCC_NO_COMMON_BLOCKS = YES;
				GCC_OPTIMIZATION_LEVEL = 0;
				GCC_PREPROCESSOR_DEFINITIONS = (
					"DEBUG=1",
					"$(inherited)",
				);
				GCC_WARN_64_TO_32_BIT_CONVERSION = YES;
				GCC_WARN_ABOUT_RETURN_TYPE = YES_ERROR;
				GCC_WARN_UNDECLARED_SELECTOR = YES;
				GCC_WARN_UNINITIALIZED_AUTOS = YES_AGGRESSIVE;
				GCC_WARN_UNUSED_FUNCTION = YES;
				GCC_WARN_UNUSED_VARIABLE = YES;
				IPHONEOS_DEPLOYMENT_TARGET = 14.5;
				MTL_ENABLE_DEBUG_INFO = INCLUDE_SOURCE;
				MTL_FAST_MATH = YES;
				ONLY_ACTIVE_ARCH = YES;
				SDKROOT = iphoneos;
			};
			name = Debug;
		};
		70571E38269CA9AF00CE1842 /* Release */ = {
			isa = XCBuildConfiguration;
			buildSettings = {
				ALWAYS_SEARCH_USER_PATHS = NO;
				CLANG_ANALYZER_NONNULL = YES;
				CLANG_ANALYZER_NUMBER_OBJECT_CONVERSION = YES_AGGRESSIVE;
				CLANG_CXX_LANGUAGE_STANDARD = "gnu++14";
				CLANG_CXX_LIBRARY = "libc++";
				CLANG_ENABLE_MODULES = YES;
				CLANG_ENABLE_OBJC_ARC = YES;
				CLANG_ENABLE_OBJC_WEAK = YES;
				CLANG_WARN_BLOCK_CAPTURE_AUTORELEASING = YES;
				CLANG_WARN_BOOL_CONVERSION = YES;
				CLANG_WARN_COMMA = YES;
				CLANG_WARN_CONSTANT_CONVERSION = YES;
				CLANG_WARN_DEPRECATED_OBJC_IMPLEMENTATIONS = YES;
				CLANG_WARN_DIRECT_OBJC_ISA_USAGE = YES_ERROR;
				CLANG_WARN_DOCUMENTATION_COMMENTS = YES;
				CLANG_WARN_EMPTY_BODY = YES;
				CLANG_WARN_ENUM_CONVERSION = YES;
				CLANG_WARN_INFINITE_RECURSION = YES;
				CLANG_WARN_INT_CONVERSION = YES;
				CLANG_WARN_NON_LITERAL_NULL_CONVERSION = YES;
				CLANG_WARN_OBJC_IMPLICIT_RETAIN_SELF = YES;
				CLANG_WARN_OBJC_LITERAL_CONVERSION = YES;
				CLANG_WARN_OBJC_ROOT_CLASS = YES_ERROR;
				CLANG_WARN_QUOTED_INCLUDE_IN_FRAMEWORK_HEADER = YES;
				CLANG_WARN_RANGE_LOOP_ANALYSIS = YES;
				CLANG_WARN_STRICT_PROTOTYPES = YES;
				CLANG_WARN_SUSPICIOUS_MOVE = YES;
				CLANG_WARN_UNGUARDED_AVAILABILITY = YES_AGGRESSIVE;
				CLANG_WARN_UNREACHABLE_CODE = YES;
				CLANG_WARN__DUPLICATE_METHOD_MATCH = YES;
				COPY_PHASE_STRIP = NO;
				DEBUG_INFORMATION_FORMAT = "dwarf-with-dsym";
				ENABLE_NS_ASSERTIONS = NO;
				ENABLE_STRICT_OBJC_MSGSEND = YES;
				GCC_C_LANGUAGE_STANDARD = gnu11;
				GCC_NO_COMMON_BLOCKS = YES;
				GCC_WARN_64_TO_32_BIT_CONVERSION = YES;
				GCC_WARN_ABOUT_RETURN_TYPE = YES_ERROR;
				GCC_WARN_UNDECLARED_SELECTOR = YES;
				GCC_WARN_UNINITIALIZED_AUTOS = YES_AGGRESSIVE;
				GCC_WARN_UNUSED_FUNCTION = YES;
				GCC_WARN_UNUSED_VARIABLE = YES;
				IPHONEOS_DEPLOYMENT_TARGET = 14.5;
				MTL_ENABLE_DEBUG_INFO = NO;
				MTL_FAST_MATH = YES;
				SDKROOT = iphoneos;
				VALIDATE_PRODUCT = YES;
			};
			name = Release;
		};
		70571E3A269CA9AF00CE1842 /* Debug */ = {
			isa = XCBuildConfiguration;
			buildSettings = {
				ASSETCATALOG_COMPILER_APPICON_NAME = AppIcon;
				ASSETCATALOG_COMPILER_GLOBAL_ACCENT_COLOR_NAME = AccentColor;
				CODE_SIGN_STYLE = Automatic;
				DEVELOPMENT_TEAM = LRC4C3ZCGF;
				INFOPLIST_FILE = Locshare/Info.plist;
				LD_RUNPATH_SEARCH_PATHS = (
					"$(inherited)",
					"@executable_path/Frameworks",
				);
				PRODUCT_BUNDLE_IDENTIFIER = com.fb.Locshare;
				PRODUCT_NAME = "$(TARGET_NAME)";
				TARGETED_DEVICE_FAMILY = "1,2";
			};
			name = Debug;
		};
		70571E3B269CA9AF00CE1842 /* Release */ = {
			isa = XCBuildConfiguration;
			buildSettings = {
				ASSETCATALOG_COMPILER_APPICON_NAME = AppIcon;
				ASSETCATALOG_COMPILER_GLOBAL_ACCENT_COLOR_NAME = AccentColor;
				CODE_SIGN_STYLE = Automatic;
				DEVELOPMENT_TEAM = LRC4C3ZCGF;
				INFOPLIST_FILE = Locshare/Info.plist;
				LD_RUNPATH_SEARCH_PATHS = (
					"$(inherited)",
					"@executable_path/Frameworks",
				);
				PRODUCT_BUNDLE_IDENTIFIER = com.fb.Locshare;
				PRODUCT_NAME = "$(TARGET_NAME)";
				TARGETED_DEVICE_FAMILY = "1,2";
			};
			name = Release;
		};
		70571E3D269CA9AF00CE1842 /* Debug */ = {
			isa = XCBuildConfiguration;
			buildSettings = {
				BUNDLE_LOADER = "$(TEST_HOST)";
				CODE_SIGN_STYLE = Automatic;
				DEVELOPMENT_TEAM = LRC4C3ZCGF;
				INFOPLIST_FILE = LocshareTests/Info.plist;
				IPHONEOS_DEPLOYMENT_TARGET = 14.5;
				LD_RUNPATH_SEARCH_PATHS = (
					"$(inherited)",
					"@executable_path/Frameworks",
					"@loader_path/Frameworks",
				);
				PRODUCT_BUNDLE_IDENTIFIER = com.fb.LocshareTests;
				PRODUCT_NAME = "$(TARGET_NAME)";
				TARGETED_DEVICE_FAMILY = "1,2";
				TEST_HOST = "$(BUILT_PRODUCTS_DIR)/Locshare.app/Locshare";
			};
			name = Debug;
		};
		70571E3E269CA9AF00CE1842 /* Release */ = {
			isa = XCBuildConfiguration;
			buildSettings = {
				BUNDLE_LOADER = "$(TEST_HOST)";
				CODE_SIGN_STYLE = Automatic;
				DEVELOPMENT_TEAM = LRC4C3ZCGF;
				INFOPLIST_FILE = LocshareTests/Info.plist;
				IPHONEOS_DEPLOYMENT_TARGET = 14.5;
				LD_RUNPATH_SEARCH_PATHS = (
					"$(inherited)",
					"@executable_path/Frameworks",
					"@loader_path/Frameworks",
				);
				PRODUCT_BUNDLE_IDENTIFIER = com.fb.LocshareTests;
				PRODUCT_NAME = "$(TARGET_NAME)";
				TARGETED_DEVICE_FAMILY = "1,2";
				TEST_HOST = "$(BUILT_PRODUCTS_DIR)/Locshare.app/Locshare";
			};
			name = Release;
		};
		70571E40269CA9AF00CE1842 /* Debug */ = {
			isa = XCBuildConfiguration;
			buildSettings = {
				CODE_SIGN_STYLE = Automatic;
				DEVELOPMENT_TEAM = LRC4C3ZCGF;
				INFOPLIST_FILE = LocshareUITests/Info.plist;
				LD_RUNPATH_SEARCH_PATHS = (
					"$(inherited)",
					"@executable_path/Frameworks",
					"@loader_path/Frameworks",
				);
				PRODUCT_BUNDLE_IDENTIFIER = com.fb.LocshareUITests;
				PRODUCT_NAME = "$(TARGET_NAME)";
				TARGETED_DEVICE_FAMILY = "1,2";
				TEST_TARGET_NAME = Locshare;
			};
			name = Debug;
		};
		70571E41269CA9AF00CE1842 /* Release */ = {
			isa = XCBuildConfiguration;
			buildSettings = {
				CODE_SIGN_STYLE = Automatic;
				DEVELOPMENT_TEAM = LRC4C3ZCGF;
				INFOPLIST_FILE = LocshareUITests/Info.plist;
				LD_RUNPATH_SEARCH_PATHS = (
					"$(inherited)",
					"@executable_path/Frameworks",
					"@loader_path/Frameworks",
				);
				PRODUCT_BUNDLE_IDENTIFIER = com.fb.LocshareUITests;
				PRODUCT_NAME = "$(TARGET_NAME)";
				TARGETED_DEVICE_FAMILY = "1,2";
				TEST_TARGET_NAME = Locshare;
			};
			name = Release;
		};
/* End XCBuildConfiguration section */

/* Begin XCConfigurationList section */
		70571E05269CA9AE00CE1842 /* Build configuration list for PBXProject "Locshare" */ = {
			isa = XCConfigurationList;
			buildConfigurations = (
				70571E37269CA9AF00CE1842 /* Debug */,
				70571E38269CA9AF00CE1842 /* Release */,
			);
			defaultConfigurationIsVisible = 0;
			defaultConfigurationName = Release;
		};
		70571E39269CA9AF00CE1842 /* Build configuration list for PBXNativeTarget "Locshare" */ = {
			isa = XCConfigurationList;
			buildConfigurations = (
				70571E3A269CA9AF00CE1842 /* Debug */,
				70571E3B269CA9AF00CE1842 /* Release */,
			);
			defaultConfigurationIsVisible = 0;
			defaultConfigurationName = Release;
		};
		70571E3C269CA9AF00CE1842 /* Build configuration list for PBXNativeTarget "LocshareTests" */ = {
			isa = XCConfigurationList;
			buildConfigurations = (
				70571E3D269CA9AF00CE1842 /* Debug */,
				70571E3E269CA9AF00CE1842 /* Release */,
			);
			defaultConfigurationIsVisible = 0;
			defaultConfigurationName = Release;
		};
		70571E3F269CA9AF00CE1842 /* Build configuration list for PBXNativeTarget "LocshareUITests" */ = {
			isa = XCConfigurationList;
			buildConfigurations = (
				70571E40269CA9AF00CE1842 /* Debug */,
				70571E41269CA9AF00CE1842 /* Release */,
			);
			defaultConfigurationIsVisible = 0;
			defaultConfigurationName = Release;
		};
/* End XCConfigurationList section */
	};
	rootObject = 70571E02269CA9AE00CE1842 /* Project object */;
}
